
Microsoft Visual Studio Solution File, Format Version 12.00
# Visual Studio Version 17
VisualStudioVersion = 17.14.36518.9 d17.14
MinimumVisualStudioVersion = 10.0.40219.1
Project("{FAE04EC0-301F-11D3-BF4B-00C04F79EFBC}") = "Mario", "Mario\Mario.csproj", "{F15456EC-EFC9-44E1-9042-29DBA262DB28}"
EndProject
Global
	GlobalSection(SolutionConfigurationPlatforms) = preSolution
		Debug|Any CPU = Debug|Any CPU
		Release|Any CPU = Release|Any CPU
	EndGlobalSection
	GlobalSection(ProjectConfigurationPlatforms) = postSolution
		{F15456EC-EFC9-44E1-9042-29DBA262DB28}.Debug|Any CPU.ActiveCfg = Debug|Any CPU
		{F15456EC-EFC9-44E1-9042-29DBA262DB28}.Debug|Any CPU.Build.0 = Debug|Any CPU
		{F15456EC-EFC9-44E1-9042-29DBA262DB28}.Release|Any CPU.ActiveCfg = Release|Any CPU
		{F15456EC-EFC9-44E1-9042-29DBA262DB28}.Release|Any CPU.Build.0 = Release|Any CPU
	EndGlobalSection
	GlobalSection(SolutionProperties) = preSolution
		HideSolutionNode = FALSE
	EndGlobalSection
	GlobalSection(ExtensibilityGlobals) = postSolution
		SolutionGuid = {99EFAFE8-AD85-4C9E-9329-936EB49D8ADC}
	EndGlobalSection
EndGlobal
